{
  "version": 4,
  "terraform_version": "1.10.4",
  "serial": 7,
  "lineage": "2cbdbe18-4a09-7718-fd8a-deb3d329a34f",
  "outputs": {},
  "resources": [
    {
      "mode": "managed",
      "type": "aws_default_vpc",
      "name": "default",
      "provider": "provider[\"registry.terraform.io/hashicorp/aws\"]",
      "instances": [
        {
          "schema_version": 1,
          "attributes": {
            "arn": "arn:aws:ec2:us-east-2:992382689856:vpc/vpc-0097b27132110443e",
            "assign_generated_ipv6_cidr_block": false,
            "cidr_block": "172.31.0.0/16",
            "default_network_acl_id": "acl-055aab2b0f7a07865",
            "default_route_table_id": "rtb-08bb84bf5285219d0",
            "default_security_group_id": "sg-0e6d06d0a7f3afc73",
            "dhcp_options_id": "dopt-0aaf194ae1170438c",
            "enable_dns_hostnames": true,
            "enable_dns_support": true,
            "enable_network_address_usage_metrics": false,
            "existing_default_vpc": true,
            "force_destroy": false,
            "id": "vpc-0097b27132110443e",
            "instance_tenancy": "default",
            "ipv6_association_id": "",
            "ipv6_cidr_block": "",
            "ipv6_cidr_block_network_border_group": "",
            "ipv6_ipam_pool_id": "",
            "ipv6_netmask_length": 0,
            "main_route_table_id": "rtb-08bb84bf5285219d0",
            "owner_id": "992382689856",
            "tags": {},
            "tags_all": {}
          },
          "sensitive_attributes": [],
          "private": "eyJzY2hlbWFfdmVyc2lvbiI6IjEifQ=="
        }
      ]
    },
    {
      "mode": "managed",
      "type": "aws_key_pair",
      "name": "deployer",
      "provider": "provider[\"registry.terraform.io/hashicorp/aws\"]",
      "instances": [
        {
          "schema_version": 1,
          "attributes": {
            "arn": "arn:aws:ec2:us-east-2:992382689856:key-pair/terra-automate-key",
            "fingerprint": "8f:f8:fc:4b:65:63:e6:99:13:a5:44:a4:01:46:e1:2f",
            "id": "terra-automate-key",
            "key_name": "terra-automate-key",
            "key_name_prefix": "",
            "key_pair_id": "key-0f2476a515127c56d",
            "key_type": "rsa",
            "public_key": "ssh-rsa AAAAB3NzaC1yc2EAAAADAQABAAABgQDLeHapRbCkVas29f4xYWuj9I9FFy9SaaKbsMjhI/gn4r9RtogFu6I1pghrWffPu6MZOwN8pgDKyLlMoYBohBafdlponEnCVS2Grn8dknUbyVOPOr17kAahqPI3RzW9IqPnlsGTZdWQln7Hg8SR7t/lVDedNC/bmLLZoWlXElLupze4KqmoEhqqHuI5xVZb95hCpn0dw/MZiP14sehUImWKTO/Ix12BooMnI16qRHbw+eI9GXXdTHutYun2M/5ctD06S5cdrWez2rpL6QIwP7eKu8/4t7kuMAyopn+1VHeBZTLAP+0HhORse+2wn8T47LyLmr6xthb9/lSYzQ3rPNONLsy/FCP2C1D6PGAL2Xseny5XiHlfttPPZ0hLNQ09QBERb64ny+WhDWQ8FLvZ2BZBrx9IBEXmDxebNEGgxD9Ya9Dk+Pu8+Yk6pTFxEPpZdY49LX+yLZFo03a/SdPJyVLSTrnh4UoQZsoLyYhypsQxUAVQaUBpbGFHNavWmMlEK/0= ravishankersingh@Ravis-MBP.true.true",
            "tags": {},
            "tags_all": {}
          },
          "sensitive_attributes": [],
          "private": "eyJzY2hlbWFfdmVyc2lvbiI6IjEifQ=="
        }
      ]
    },
    {
      "mode": "managed",
      "type": "aws_security_group",
      "name": "allow_user_to_connect",
      "provider": "provider[\"registry.terraform.io/hashicorp/aws\"]",
      "instances": [
        {
          "schema_version": 1,
          "attributes": {
            "arn": "arn:aws:ec2:us-east-2:992382689856:security-group/sg-0b6a8c28be0bd1896",
            "description": "Allow user to connect",
            "egress": [
              {
                "cidr_blocks": [
                  "0.0.0.0/0"
                ],
                "description": " allow all outgoing traffic ",
                "from_port": 0,
                "ipv6_cidr_blocks": [],
                "prefix_list_ids": [],
                "protocol": "-1",
                "security_groups": [],
                "self": false,
                "to_port": 0
              }
            ],
            "id": "sg-0b6a8c28be0bd1896",
            "ingress": [
              {
                "cidr_blocks": [
                  "0.0.0.0/0"
                ],
                "description": "port 22 allow",
                "from_port": 22,
                "ipv6_cidr_blocks": [],
                "prefix_list_ids": [],
                "protocol": "tcp",
                "security_groups": [],
                "self": false,
                "to_port": 22
              },
              {
                "cidr_blocks": [
                  "0.0.0.0/0"
                ],
                "description": "port 443 allow",
                "from_port": 443,
                "ipv6_cidr_blocks": [],
                "prefix_list_ids": [],
                "protocol": "tcp",
                "security_groups": [],
                "self": false,
                "to_port": 443
              },
              {
                "cidr_blocks": [
                  "0.0.0.0/0"
                ],
                "description": "port 80 allow",
                "from_port": 80,
                "ipv6_cidr_blocks": [],
                "prefix_list_ids": [],
                "protocol": "tcp",
                "security_groups": [],
                "self": false,
                "to_port": 80
              }
            ],
            "name": "allow TLS",
            "name_prefix": "",
            "owner_id": "992382689856",
            "revoke_rules_on_delete": false,
            "tags": {
              "Name": "mysecurity"
            },
            "tags_all": {
              "Name": "mysecurity"
            },
            "timeouts": null,
            "vpc_id": "vpc-0097b27132110443e"
          },
          "sensitive_attributes": [],
          "private": "eyJlMmJmYjczMC1lY2FhLTExZTYtOGY4OC0zNDM2M2JjN2M0YzAiOnsiY3JlYXRlIjo2MDAwMDAwMDAwMDAsImRlbGV0ZSI6OTAwMDAwMDAwMDAwfSwic2NoZW1hX3ZlcnNpb24iOiIxIn0=",
          "dependencies": [
            "aws_default_vpc.default"
          ]
        }
      ]
    }
  ],
  "check_results": null
}
